
Microsoft Visual Studio Solution File, Format Version 12.00
# Visual Studio Version 17
VisualStudioVersion = 17.6.33723.286
MinimumVisualStudioVersion = 10.0.40219.1
Project("{9A19103F-16F7-4668-BE54-9A1E7A4F7556}") = "TaskWeek4", "TaskWeek4\TaskWeek4.csproj", "{6A0B63E2-7ED1-4711-AE74-A792967994F8}"
EndProject
Project("{FAE04EC0-301F-11D3-BF4B-00C04F79EFBC}") = "BankAccount", "BankAccount\BankAccount.csproj", "{F3E61316-F1AA-47E9-8C9C-F3D032926F6B}"
EndProject
Global
	GlobalSection(SolutionConfigurationPlatforms) = preSolution
		Debug|Any CPU = Debug|Any CPU
		Release|Any CPU = Release|Any CPU
	EndGlobalSection
	GlobalSection(ProjectConfigurationPlatforms) = postSolution
		{6A0B63E2-7ED1-4711-AE74-A792967994F8}.Debug|Any CPU.ActiveCfg = Debug|Any CPU
		{6A0B63E2-7ED1-4711-AE74-A792967994F8}.Debug|Any CPU.Build.0 = Debug|Any CPU
		{6A0B63E2-7ED1-4711-AE74-A792967994F8}.Release|Any CPU.ActiveCfg = Release|Any CPU
		{6A0B63E2-7ED1-4711-AE74-A792967994F8}.Release|Any CPU.Build.0 = Release|Any CPU
		{F3E61316-F1AA-47E9-8C9C-F3D032926F6B}.Debug|Any CPU.ActiveCfg = Debug|Any CPU
		{F3E61316-F1AA-47E9-8C9C-F3D032926F6B}.Debug|Any CPU.Build.0 = Debug|Any CPU
		{F3E61316-F1AA-47E9-8C9C-F3D032926F6B}.Release|Any CPU.ActiveCfg = Release|Any CPU
		{F3E61316-F1AA-47E9-8C9C-F3D032926F6B}.Release|Any CPU.Build.0 = Release|Any CPU
	EndGlobalSection
	GlobalSection(SolutionProperties) = preSolution
		HideSolutionNode = FALSE
	EndGlobalSection
	GlobalSection(ExtensibilityGlobals) = postSolution
		SolutionGuid = {25EB3C54-D1E0-4E85-8490-6F72404C761C}
	EndGlobalSection
EndGlobal
